<?xml version="1.0" encoding="utf-8"?>
<Project ToolsVersion="4.0" xmlns="http://schemas.microsoft.com/developer/msbuild/2003">
  <ItemGroup>
    <Filter Include="源文件">
      <UniqueIdentifier>{4FC737F1-C7A5-4376-A066-2A32D752A2FF}</UniqueIdentifier>
      <Extensions>cpp;c;cc;cxx;def;odl;idl;hpj;bat;asm;asmx</Extensions>
    </Filter>
    <Filter Include="头文件">
      <UniqueIdentifier>{93995380-89BD-4b04-88EB-625FBE52EBFB}</UniqueIdentifier>
      <Extensions>h;hh;hpp;hxx;hm;inl;inc;xsd</Extensions>
    </Filter>
    <Filter Include="资源文件">
      <UniqueIdentifier>{67DA6AB6-F800-4c08-8B7A-83BB121AAD01}</UniqueIdentifier>
      <Extensions>rc;ico;cur;bmp;dlg;rc2;rct;bin;rgs;gif;jpg;jpeg;jpe;resx;tiff;tif;png;wav;mfcribbon-ms</Extensions>
    </Filter>
  </ItemGroup>
  <ItemGroup>
    <ClCompile Include="..\..\..\src\proxy\icsproxyserver.cpp">
      <Filter>源文件</Filter>
    </ClCompile>
    <ClCompile Include="..\..\..\src\proxy\server.cpp">
      <Filter>源文件</Filter>
    </ClCompile>
    <ClCompile Include="..\..\..\src\database.cpp">
      <Filter>源文件</Filter>
    </ClCompile>
    <ClCompile Include="..\..\..\src\downloadfile.cpp">
      <Filter>源文件</Filter>
    </ClCompile>
    <ClCompile Include="..\..\..\src\icsconfig.cpp">
      <Filter>源文件</Filter>
    </ClCompile>
    <ClCompile Include="..\..\..\src\icsconnection.cpp">
      <Filter>源文件</Filter>
    </ClCompile>
    <ClCompile Include="..\..\..\src\icsprotocol.cpp">
      <Filter>源文件</Filter>
    </ClCompile>
    <ClCompile Include="..\..\..\src\icspushsystem.cpp">
      <Filter>源文件</Filter>
    </ClCompile>
    <ClCompile Include="..\..\..\src\log.cpp">
      <Filter>源文件</Filter>
    </ClCompile>
    <ClCompile Include="..\..\..\src\mempool.cpp">
      <Filter>源文件</Filter>
    </ClCompile>
    <ClCompile Include="..\..\..\src\tcpconnection.cpp">
      <Filter>源文件</Filter>
    </ClCompile>
    <ClCompile Include="..\..\..\src\tcpserver.cpp">
      <Filter>源文件</Filter>
    </ClCompile>
    <ClCompile Include="..\..\..\src\timer.cpp">
      <Filter>源文件</Filter>
    </ClCompile>
    <ClCompile Include="..\..\..\src\tinystr.cpp">
      <Filter>源文件</Filter>
    </ClCompile>
    <ClCompile Include="..\..\..\src\tinyxml.cpp">
      <Filter>源文件</Filter>
    </ClCompile>
    <ClCompile Include="..\..\..\src\tinyxmlerror.cpp">
      <Filter>源文件</Filter>
    </ClCompile>
    <ClCompile Include="..\..\..\src\tinyxmlparser.cpp">
      <Filter>源文件</Filter>
    </ClCompile>
    <ClCompile Include="..\..\..\src\util.cpp">
      <Filter>源文件</Filter>
    </ClCompile>
  </ItemGroup>
  <ItemGroup>
    <ClInclude Include="..\..\..\src\proxy\icsproxyserver.hpp">
      <Filter>头文件</Filter>
    </ClInclude>
    <ClInclude Include="..\..\..\src\config.hpp">
      <Filter>头文件</Filter>
    </ClInclude>
    <ClInclude Include="..\..\..\src\database.hpp">
      <Filter>头文件</Filter>
    </ClInclude>
    <ClInclude Include="..\..\..\src\downloadfile.hpp">
      <Filter>头文件</Filter>
    </ClInclude>
    <ClInclude Include="..\..\..\src\icsconfig.hpp">
      <Filter>头文件</Filter>
    </ClInclude>
    <ClInclude Include="..\..\..\src\icsconnection.hpp">
      <Filter>头文件</Filter>
    </ClInclude>
    <ClInclude Include="..\..\..\src\icsexception.hpp">
      <Filter>头文件</Filter>
    </ClInclude>
    <ClInclude Include="..\..\..\src\icsprotocol.hpp">
      <Filter>头文件</Filter>
    </ClInclude>
    <ClInclude Include="..\..\..\src\icspushsystem.hpp">
      <Filter>头文件</Filter>
    </ClInclude>
    <ClInclude Include="..\..\..\src\log.hpp">
      <Filter>头文件</Filter>
    </ClInclude>
    <ClInclude Include="..\..\..\src\mempool.hpp">
      <Filter>头文件</Filter>
    </ClInclude>
    <ClInclude Include="..\..\..\src\otlv4.h">
      <Filter>头文件</Filter>
    </ClInclude>
    <ClInclude Include="..\..\..\src\signalhandler.hpp">
      <Filter>头文件</Filter>
    </ClInclude>
    <ClInclude Include="..\..\..\src\tcpserver.hpp">
      <Filter>头文件</Filter>
    </ClInclude>
    <ClInclude Include="..\..\..\src\timer.hpp">
      <Filter>头文件</Filter>
    </ClInclude>
    <ClInclude Include="..\..\..\src\tinystr.h">
      <Filter>头文件</Filter>
    </ClInclude>
    <ClInclude Include="..\..\..\src\tinyxml.h">
      <Filter>头文件</Filter>
    </ClInclude>
    <ClInclude Include="..\..\..\src\util.hpp">
      <Filter>头文件</Filter>
    </ClInclude>
  </ItemGroup>
  <ItemGroup>
    <Text Include="..\..\..\src\proxy\CMakeLists.txt">
      <Filter>资源文件</Filter>
    </Text>
  </ItemGroup>
</Project>